
Microsoft Visual Studio Solution File, Format Version 12.00
# Visual Studio Version 17
VisualStudioVersion = 17.13.36105.23 d17.13
MinimumVisualStudioVersion = 10.0.40219.1
Project("{FAE04EC0-301F-11D3-BF4B-00C04F79EFBC}") = "Vista", "AutoGestion\Vista.csproj", "{DD67C33B-50E6-43A2-8963-BB1536759523}"
EndProject
Project("{FAE04EC0-301F-11D3-BF4B-00C04F79EFBC}") = "BLL", "BLL\BLL.csproj", "{B97592B7-5BBB-4B0C-A0AE-A5AD355F995E}"
EndProject
Project("{FAE04EC0-301F-11D3-BF4B-00C04F79EFBC}") = "CTRL_Vista", "CTRL_Vista\CTRL_Vista.csproj", "{B12C44E5-383E-4181-B62C-2D4D0433CE8F}"
EndProject
Project("{FAE04EC0-301F-11D3-BF4B-00C04F79EFBC}") = "DAO", "DAO\DAO.csproj", "{966B4DEF-A1E9-4B47-A21A-5E95C8173B5D}"
EndProject
Project("{FAE04EC0-301F-11D3-BF4B-00C04F79EFBC}") = "Entidades", "Entidades\Entidades.csproj", "{CA069E6B-1321-4FDB-A81D-ADDAE873C702}"
EndProject
Project("{FAE04EC0-301F-11D3-BF4B-00C04F79EFBC}") = "Servicios", "Servicios\Servicios.csproj", "{3A2F6B51-5B79-4587-A80B-690781997876}"
EndProject
Global
	GlobalSection(SolutionConfigurationPlatforms) = preSolution
		Debug|Any CPU = Debug|Any CPU
		Release|Any CPU = Release|Any CPU
	EndGlobalSection
	GlobalSection(ProjectConfigurationPlatforms) = postSolution
		{DD67C33B-50E6-43A2-8963-BB1536759523}.Debug|Any CPU.ActiveCfg = Debug|Any CPU
		{DD67C33B-50E6-43A2-8963-BB1536759523}.Debug|Any CPU.Build.0 = Debug|Any CPU
		{DD67C33B-50E6-43A2-8963-BB1536759523}.Release|Any CPU.ActiveCfg = Release|Any CPU
		{DD67C33B-50E6-43A2-8963-BB1536759523}.Release|Any CPU.Build.0 = Release|Any CPU
		{B97592B7-5BBB-4B0C-A0AE-A5AD355F995E}.Debug|Any CPU.ActiveCfg = Debug|Any CPU
		{B97592B7-5BBB-4B0C-A0AE-A5AD355F995E}.Debug|Any CPU.Build.0 = Debug|Any CPU
		{B97592B7-5BBB-4B0C-A0AE-A5AD355F995E}.Release|Any CPU.ActiveCfg = Release|Any CPU
		{B97592B7-5BBB-4B0C-A0AE-A5AD355F995E}.Release|Any CPU.Build.0 = Release|Any CPU
		{B12C44E5-383E-4181-B62C-2D4D0433CE8F}.Debug|Any CPU.ActiveCfg = Debug|Any CPU
		{B12C44E5-383E-4181-B62C-2D4D0433CE8F}.Debug|Any CPU.Build.0 = Debug|Any CPU
		{B12C44E5-383E-4181-B62C-2D4D0433CE8F}.Release|Any CPU.ActiveCfg = Release|Any CPU
		{B12C44E5-383E-4181-B62C-2D4D0433CE8F}.Release|Any CPU.Build.0 = Release|Any CPU
		{966B4DEF-A1E9-4B47-A21A-5E95C8173B5D}.Debug|Any CPU.ActiveCfg = Debug|Any CPU
		{966B4DEF-A1E9-4B47-A21A-5E95C8173B5D}.Debug|Any CPU.Build.0 = Debug|Any CPU
		{966B4DEF-A1E9-4B47-A21A-5E95C8173B5D}.Release|Any CPU.ActiveCfg = Release|Any CPU
		{966B4DEF-A1E9-4B47-A21A-5E95C8173B5D}.Release|Any CPU.Build.0 = Release|Any CPU
		{CA069E6B-1321-4FDB-A81D-ADDAE873C702}.Debug|Any CPU.ActiveCfg = Debug|Any CPU
		{CA069E6B-1321-4FDB-A81D-ADDAE873C702}.Debug|Any CPU.Build.0 = Debug|Any CPU
		{CA069E6B-1321-4FDB-A81D-ADDAE873C702}.Release|Any CPU.ActiveCfg = Release|Any CPU
		{CA069E6B-1321-4FDB-A81D-ADDAE873C702}.Release|Any CPU.Build.0 = Release|Any CPU
		{3A2F6B51-5B79-4587-A80B-690781997876}.Debug|Any CPU.ActiveCfg = Debug|Any CPU
		{3A2F6B51-5B79-4587-A80B-690781997876}.Debug|Any CPU.Build.0 = Debug|Any CPU
		{3A2F6B51-5B79-4587-A80B-690781997876}.Release|Any CPU.ActiveCfg = Release|Any CPU
		{3A2F6B51-5B79-4587-A80B-690781997876}.Release|Any CPU.Build.0 = Release|Any CPU
	EndGlobalSection
	GlobalSection(SolutionProperties) = preSolution
		HideSolutionNode = FALSE
	EndGlobalSection
	GlobalSection(ExtensibilityGlobals) = postSolution
		SolutionGuid = {CB6BBF01-7C5C-43D6-8235-D15ABF41C145}
	EndGlobalSection
EndGlobal
